// !$*UTF8*$!
{
	archiveVersion = 1;
	classes = {
	};
	objectVersion = 46;
	objects = {

/* Begin PBXBuildFile section */
		CB3C09151D8006A500C8C863 /* LZDiaryTests.m in Sources */ = {isa = PBXBuildFile; fileRef = CB3C09141D8006A500C8C863 /* LZDiaryTests.m */; };
		CB3C09201D8006A500C8C863 /* LZDiaryUITests.m in Sources */ = {isa = PBXBuildFile; fileRef = CB3C091F1D8006A500C8C863 /* LZDiaryUITests.m */; };
		CB3C09471D800EB400C8C863 /* AppDelegate.m in Sources */ = {isa = PBXBuildFile; fileRef = CB3C09301D800EB400C8C863 /* AppDelegate.m */; };
		CB3C094A1D800EB400C8C863 /* Assets.xcassets in Resources */ = {isa = PBXBuildFile; fileRef = CB3C09401D800EB400C8C863 /* Assets.xcassets */; };
		CB3C094B1D800EB400C8C863 /* Main.storyboard in Resources */ = {isa = PBXBuildFile; fileRef = CB3C09421D800EB400C8C863 /* Main.storyboard */; };
		CB3C094D1D800EB400C8C863 /* main.m in Sources */ = {isa = PBXBuildFile; fileRef = CB3C09461D800EB400C8C863 /* main.m */; };
		CB3C09501D800FAF00C8C863 /* NSString+ChineseNumber.m in Sources */ = {isa = PBXBuildFile; fileRef = CB3C094F1D800FAF00C8C863 /* NSString+ChineseNumber.m */; };
		CB4274121D9482D900A48CE1 /* Diary+CoreDataClass.m in Sources */ = {isa = PBXBuildFile; fileRef = CB42740F1D9482D900A48CE1 /* Diary+CoreDataClass.m */; };
		CB4274131D9482D900A48CE1 /* Diary+CoreDataProperties.m in Sources */ = {isa = PBXBuildFile; fileRef = CB4274111D9482D900A48CE1 /* Diary+CoreDataProperties.m */; };
		CB4274161D94975B00A48CE1 /* LZtmpItem.m in Sources */ = {isa = PBXBuildFile; fileRef = CB4274151D94975B00A48CE1 /* LZtmpItem.m */; };
		CB4274191D94AF0D00A48CE1 /* LZTipView.m in Sources */ = {isa = PBXBuildFile; fileRef = CB4274181D94AF0D00A48CE1 /* LZTipView.m */; };
		CB8707EB1D94758D009498F0 /* Diary.xcdatamodeld in Sources */ = {isa = PBXBuildFile; fileRef = CB8707E91D94758D009498F0 /* Diary.xcdatamodeld */; };
		CB9871741D9175E300EC5A57 /* LZYearController.m in Sources */ = {isa = PBXBuildFile; fileRef = CB9871731D9175E300EC5A57 /* LZYearController.m */; };
		CB9871771D917E1D00EC5A57 /* UIButton+LZDiaryButton.m in Sources */ = {isa = PBXBuildFile; fileRef = CB9871761D917E1D00EC5A57 /* UIButton+LZDiaryButton.m */; };
		CB98717A1D9185AF00EC5A57 /* LZYearCell.m in Sources */ = {isa = PBXBuildFile; fileRef = CB9871791D9185AF00EC5A57 /* LZYearCell.m */; };
		CB98717D1D91AF1000EC5A57 /* LZDiaryAnimator.m in Sources */ = {isa = PBXBuildFile; fileRef = CB98717C1D91AF1000EC5A57 /* LZDiaryAnimator.m */; };
		CB9871801D91C6DD00EC5A57 /* LZMonthController.m in Sources */ = {isa = PBXBuildFile; fileRef = CB98717F1D91C6DD00EC5A57 /* LZMonthController.m */; };
		CB9871831D92547A00EC5A57 /* LZMonthCell.m in Sources */ = {isa = PBXBuildFile; fileRef = CB9871821D92547A00EC5A57 /* LZMonthCell.m */; };
		CB9871861D92589F00EC5A57 /* LZComposeController.m in Sources */ = {isa = PBXBuildFile; fileRef = CB9871851D92589F00EC5A57 /* LZComposeController.m */; };
		CB9871891D92DF8E00EC5A57 /* LZLocation.m in Sources */ = {isa = PBXBuildFile; fileRef = CB9871881D92DF8E00EC5A57 /* LZLocation.m */; };
		CB98718F1D931AE600EC5A57 /* LZShowController.m in Sources */ = {isa = PBXBuildFile; fileRef = CB98718E1D931AE600EC5A57 /* LZShowController.m */; };
		CB9871921D931EEA00EC5A57 /* DiaryTemplate.html in Resources */ = {isa = PBXBuildFile; fileRef = CB9871911D931EEA00EC5A57 /* DiaryTemplate.html */; };
		CB9871951D93D5A700EC5A57 /* UIWebView+LZScreenShot.m in Sources */ = {isa = PBXBuildFile; fileRef = CB9871941D93D5A700EC5A57 /* UIWebView+LZScreenShot.m */; };
		CB9871981D93DDA900EC5A57 /* NSNumber+chineseNumber.m in Sources */ = {isa = PBXBuildFile; fileRef = CB9871971D93DDA900EC5A57 /* NSNumber+chineseNumber.m */; };
		CB98719B1D93E08C00EC5A57 /* LZItemStorage.m in Sources */ = {isa = PBXBuildFile; fileRef = CB98719A1D93E08C00EC5A57 /* LZItemStorage.m */; };
		CBDE37BD1D9124DB00448F3E /* LZVerticalLabel.m in Sources */ = {isa = PBXBuildFile; fileRef = CBDE37BC1D9124DB00448F3E /* LZVerticalLabel.m */; };
		CBDE37C41D91322000448F3E /* LZHomeController.m in Sources */ = {isa = PBXBuildFile; fileRef = CBDE37C31D91322000448F3E /* LZHomeController.m */; };
		CBDE37C71D91367E00448F3E /* LZDiaryLayout.m in Sources */ = {isa = PBXBuildFile; fileRef = CBDE37C61D91367E00448F3E /* LZDiaryLayout.m */; };
		CBDE37CA1D9138DF00448F3E /* LZHomeCell.m in Sources */ = {isa = PBXBuildFile; fileRef = CBDE37C91D9138DF00448F3E /* LZHomeCell.m */; };
		CBDE37CB1D91433900448F3E /* Wyue-GutiFangsong-NC_deliverable.otf in Resources */ = {isa = PBXBuildFile; fileRef = CBDE37C11D912F4500448F3E /* Wyue-GutiFangsong-NC_deliverable.otf */; };
		CBDE37CC1D91434200448F3E /* TpldKhangXiDictTrial.otf in Resources */ = {isa = PBXBuildFile; fileRef = CBDE37BF1D912E7400448F3E /* TpldKhangXiDictTrial.otf */; };
/* End PBXBuildFile section */

/* Begin PBXContainerItemProxy section */
		CB3C09111D8006A500C8C863 /* PBXContainerItemProxy */ = {
			isa = PBXContainerItemProxy;
			containerPortal = CB3C08EC1D8006A500C8C863 /* Project object */;
			proxyType = 1;
			remoteGlobalIDString = CB3C08F31D8006A500C8C863;
			remoteInfo = LZDiary;
		};
		CB3C091C1D8006A500C8C863 /* PBXContainerItemProxy */ = {
			isa = PBXContainerItemProxy;
			containerPortal = CB3C08EC1D8006A500C8C863 /* Project object */;
			proxyType = 1;
			remoteGlobalIDString = CB3C08F31D8006A500C8C863;
			remoteInfo = LZDiary;
		};
/* End PBXContainerItemProxy section */

/* Begin PBXFileReference section */
		CB3C08F41D8006A500C8C863 /* LZDiary.app */ = {isa = PBXFileReference; explicitFileType = wrapper.application; includeInIndex = 0; path = LZDiary.app; sourceTree = BUILT_PRODUCTS_DIR; };
		CB3C09101D8006A500C8C863 /* LZDiaryTests.xctest */ = {isa = PBXFileReference; explicitFileType = wrapper.cfbundle; includeInIndex = 0; path = LZDiaryTests.xctest; sourceTree = BUILT_PRODUCTS_DIR; };
		CB3C09141D8006A500C8C863 /* LZDiaryTests.m */ = {isa = PBXFileReference; lastKnownFileType = sourcecode.c.objc; path = LZDiaryTests.m; sourceTree = "<group>"; };
		CB3C09161D8006A500C8C863 /* Info.plist */ = {isa = PBXFileReference; lastKnownFileType = text.plist.xml; path = Info.plist; sourceTree = "<group>"; };
		CB3C091B1D8006A500C8C863 /* LZDiaryUITests.xctest */ = {isa = PBXFileReference; explicitFileType = wrapper.cfbundle; includeInIndex = 0; path = LZDiaryUITests.xctest; sourceTree = BUILT_PRODUCTS_DIR; };
		CB3C091F1D8006A500C8C863 /* LZDiaryUITests.m */ = {isa = PBXFileReference; lastKnownFileType = sourcecode.c.objc; path = LZDiaryUITests.m; sourceTree = "<group>"; };
		CB3C09211D8006A500C8C863 /* Info.plist */ = {isa = PBXFileReference; lastKnownFileType = text.plist.xml; path = Info.plist; sourceTree = "<group>"; };
		CB3C092F1D800EB400C8C863 /* AppDelegate.h */ = {isa = PBXFileReference; fileEncoding = 4; lastKnownFileType = sourcecode.c.h; path = AppDelegate.h; sourceTree = "<group>"; };
		CB3C09301D800EB400C8C863 /* AppDelegate.m */ = {isa = PBXFileReference; fileEncoding = 4; lastKnownFileType = sourcecode.c.objc; path = AppDelegate.m; sourceTree = "<group>"; };
		CB3C09401D800EB400C8C863 /* Assets.xcassets */ = {isa = PBXFileReference; lastKnownFileType = folder.assetcatalog; path = Assets.xcassets; sourceTree = "<group>"; };
		CB3C09431D800EB400C8C863 /* Base */ = {isa = PBXFileReference; lastKnownFileType = file.storyboard; name = Base; path = Base.lproj/Main.storyboard; sourceTree = "<group>"; };
		CB3C09451D800EB400C8C863 /* Info.plist */ = {isa = PBXFileReference; fileEncoding = 4; lastKnownFileType = text.plist.xml; path = Info.plist; sourceTree = "<group>"; };
		CB3C09461D800EB400C8C863 /* main.m */ = {isa = PBXFileReference; fileEncoding = 4; lastKnownFileType = sourcecode.c.objc; path = main.m; sourceTree = "<group>"; };
		CB3C094E1D800FAF00C8C863 /* NSString+ChineseNumber.h */ = {isa = PBXFileReference; fileEncoding = 4; lastKnownFileType = sourcecode.c.h; path = "NSString+ChineseNumber.h"; sourceTree = "<group>"; };
		CB3C094F1D800FAF00C8C863 /* NSString+ChineseNumber.m */ = {isa = PBXFileReference; fileEncoding = 4; lastKnownFileType = sourcecode.c.objc; path = "NSString+ChineseNumber.m"; sourceTree = "<group>"; };
		CB42740E1D9482D900A48CE1 /* Diary+CoreDataClass.h */ = {isa = PBXFileReference; fileEncoding = 4; lastKnownFileType = sourcecode.c.h; name = "Diary+CoreDataClass.h"; path = "LZDiary/Classes/Models/Diary+CoreDataClass.h"; sourceTree = "<group>"; };
		CB42740F1D9482D900A48CE1 /* Diary+CoreDataClass.m */ = {isa = PBXFileReference; fileEncoding = 4; lastKnownFileType = sourcecode.c.objc; name = "Diary+CoreDataClass.m"; path = "LZDiary/Classes/Models/Diary+CoreDataClass.m"; sourceTree = "<group>"; };
		CB4274101D9482D900A48CE1 /* Diary+CoreDataProperties.h */ = {isa = PBXFileReference; fileEncoding = 4; lastKnownFileType = sourcecode.c.h; name = "Diary+CoreDataProperties.h"; path = "LZDiary/Classes/Models/Diary+CoreDataProperties.h"; sourceTree = "<group>"; };
		CB4274111D9482D900A48CE1 /* Diary+CoreDataProperties.m */ = {isa = PBXFileReference; fileEncoding = 4; lastKnownFileType = sourcecode.c.objc; name = "Diary+CoreDataProperties.m"; path = "LZDiary/Classes/Models/Diary+CoreDataProperties.m"; sourceTree = "<group>"; };
		CB4274141D94975B00A48CE1 /* LZtmpItem.h */ = {isa = PBXFileReference; fileEncoding = 4; lastKnownFileType = sourcecode.c.h; path = LZtmpItem.h; sourceTree = "<group>"; };
		CB4274151D94975B00A48CE1 /* LZtmpItem.m */ = {isa = PBXFileReference; fileEncoding = 4; lastKnownFileType = sourcecode.c.objc; path = LZtmpItem.m; sourceTree = "<group>"; };
		CB4274171D94AF0D00A48CE1 /* LZTipView.h */ = {isa = PBXFileReference; fileEncoding = 4; lastKnownFileType = sourcecode.c.h; path = LZTipView.h; sourceTree = "<group>"; };
		CB4274181D94AF0D00A48CE1 /* LZTipView.m */ = {isa = PBXFileReference; fileEncoding = 4; lastKnownFileType = sourcecode.c.objc; path = LZTipView.m; sourceTree = "<group>"; };
		CB8707EA1D94758D009498F0 /* Diary.xcdatamodel */ = {isa = PBXFileReference; lastKnownFileType = wrapper.xcdatamodel; path = Diary.xcdatamodel; sourceTree = "<group>"; };
		CB8707EC1D94760D009498F0 /* LZDiary-Bridging-Header.h */ = {isa = PBXFileReference; lastKnownFileType = sourcecode.c.h; path = "LZDiary-Bridging-Header.h"; sourceTree = "<group>"; };
		CB9871721D9175E300EC5A57 /* LZYearController.h */ = {isa = PBXFileReference; fileEncoding = 4; lastKnownFileType = sourcecode.c.h; path = LZYearController.h; sourceTree = "<group>"; };
		CB9871731D9175E300EC5A57 /* LZYearController.m */ = {isa = PBXFileReference; fileEncoding = 4; lastKnownFileType = sourcecode.c.objc; path = LZYearController.m; sourceTree = "<group>"; };
		CB9871751D917E1D00EC5A57 /* UIButton+LZDiaryButton.h */ = {isa = PBXFileReference; fileEncoding = 4; lastKnownFileType = sourcecode.c.h; path = "UIButton+LZDiaryButton.h"; sourceTree = "<group>"; };
		CB9871761D917E1D00EC5A57 /* UIButton+LZDiaryButton.m */ = {isa = PBXFileReference; fileEncoding = 4; lastKnownFileType = sourcecode.c.objc; path = "UIButton+LZDiaryButton.m"; sourceTree = "<group>"; };
		CB9871781D9185AF00EC5A57 /* LZYearCell.h */ = {isa = PBXFileReference; fileEncoding = 4; lastKnownFileType = sourcecode.c.h; path = LZYearCell.h; sourceTree = "<group>"; };
		CB9871791D9185AF00EC5A57 /* LZYearCell.m */ = {isa = PBXFileReference; fileEncoding = 4; lastKnownFileType = sourcecode.c.objc; path = LZYearCell.m; sourceTree = "<group>"; };
		CB98717B1D91AF1000EC5A57 /* LZDiaryAnimator.h */ = {isa = PBXFileReference; fileEncoding = 4; lastKnownFileType = sourcecode.c.h; path = LZDiaryAnimator.h; sourceTree = "<group>"; };
		CB98717C1D91AF1000EC5A57 /* LZDiaryAnimator.m */ = {isa = PBXFileReference; fileEncoding = 4; lastKnownFileType = sourcecode.c.objc; path = LZDiaryAnimator.m; sourceTree = "<group>"; };
		CB98717E1D91C6DD00EC5A57 /* LZMonthController.h */ = {isa = PBXFileReference; fileEncoding = 4; lastKnownFileType = sourcecode.c.h; path = LZMonthController.h; sourceTree = "<group>"; };
		CB98717F1D91C6DD00EC5A57 /* LZMonthController.m */ = {isa = PBXFileReference; fileEncoding = 4; lastKnownFileType = sourcecode.c.objc; path = LZMonthController.m; sourceTree = "<group>"; };
		CB9871811D92547A00EC5A57 /* LZMonthCell.h */ = {isa = PBXFileReference; fileEncoding = 4; lastKnownFileType = sourcecode.c.h; path = LZMonthCell.h; sourceTree = "<group>"; };
		CB9871821D92547A00EC5A57 /* LZMonthCell.m */ = {isa = PBXFileReference; fileEncoding = 4; lastKnownFileType = sourcecode.c.objc; path = LZMonthCell.m; sourceTree = "<group>"; };
		CB9871841D92589F00EC5A57 /* LZComposeController.h */ = {isa = PBXFileReference; fileEncoding = 4; lastKnownFileType = sourcecode.c.h; path = LZComposeController.h; sourceTree = "<group>"; };
		CB9871851D92589F00EC5A57 /* LZComposeController.m */ = {isa = PBXFileReference; fileEncoding = 4; lastKnownFileType = sourcecode.c.objc; path = LZComposeController.m; sourceTree = "<group>"; };
		CB9871871D92DF8E00EC5A57 /* LZLocation.h */ = {isa = PBXFileReference; fileEncoding = 4; lastKnownFileType = sourcecode.c.h; path = LZLocation.h; sourceTree = "<group>"; };
		CB9871881D92DF8E00EC5A57 /* LZLocation.m */ = {isa = PBXFileReference; fileEncoding = 4; lastKnownFileType = sourcecode.c.objc; path = LZLocation.m; sourceTree = "<group>"; };
		CB98718D1D931AE600EC5A57 /* LZShowController.h */ = {isa = PBXFileReference; fileEncoding = 4; lastKnownFileType = sourcecode.c.h; path = LZShowController.h; sourceTree = "<group>"; };
		CB98718E1D931AE600EC5A57 /* LZShowController.m */ = {isa = PBXFileReference; fileEncoding = 4; lastKnownFileType = sourcecode.c.objc; path = LZShowController.m; sourceTree = "<group>"; };
		CB9871911D931EEA00EC5A57 /* DiaryTemplate.html */ = {isa = PBXFileReference; fileEncoding = 4; lastKnownFileType = text.html; path = DiaryTemplate.html; sourceTree = "<group>"; };
		CB9871931D93D5A700EC5A57 /* UIWebView+LZScreenShot.h */ = {isa = PBXFileReference; fileEncoding = 4; lastKnownFileType = sourcecode.c.h; path = "UIWebView+LZScreenShot.h"; sourceTree = "<group>"; };
		CB9871941D93D5A700EC5A57 /* UIWebView+LZScreenShot.m */ = {isa = PBXFileReference; fileEncoding = 4; lastKnownFileType = sourcecode.c.objc; path = "UIWebView+LZScreenShot.m"; sourceTree = "<group>"; };
		CB9871961D93DDA900EC5A57 /* NSNumber+chineseNumber.h */ = {isa = PBXFileReference; fileEncoding = 4; lastKnownFileType = sourcecode.c.h; path = "NSNumber+chineseNumber.h"; sourceTree = "<group>"; };
		CB9871971D93DDA900EC5A57 /* NSNumber+chineseNumber.m */ = {isa = PBXFileReference; fileEncoding = 4; lastKnownFileType = sourcecode.c.objc; path = "NSNumber+chineseNumber.m"; sourceTree = "<group>"; };
		CB9871991D93E08C00EC5A57 /* LZItemStorage.h */ = {isa = PBXFileReference; fileEncoding = 4; lastKnownFileType = sourcecode.c.h; path = LZItemStorage.h; sourceTree = "<group>"; };
		CB98719A1D93E08C00EC5A57 /* LZItemStorage.m */ = {isa = PBXFileReference; fileEncoding = 4; lastKnownFileType = sourcecode.c.objc; path = LZItemStorage.m; sourceTree = "<group>"; };
		CBDE37BB1D9124DB00448F3E /* LZVerticalLabel.h */ = {isa = PBXFileReference; fileEncoding = 4; lastKnownFileType = sourcecode.c.h; path = LZVerticalLabel.h; sourceTree = "<group>"; };
		CBDE37BC1D9124DB00448F3E /* LZVerticalLabel.m */ = {isa = PBXFileReference; fileEncoding = 4; lastKnownFileType = sourcecode.c.objc; path = LZVerticalLabel.m; sourceTree = "<group>"; };
		CBDE37BF1D912E7400448F3E /* TpldKhangXiDictTrial.otf */ = {isa = PBXFileReference; lastKnownFileType = file; path = TpldKhangXiDictTrial.otf; sourceTree = "<group>"; };
		CBDE37C11D912F4500448F3E /* Wyue-GutiFangsong-NC_deliverable.otf */ = {isa = PBXFileReference; lastKnownFileType = file; path = "Wyue-GutiFangsong-NC_deliverable.otf"; sourceTree = "<group>"; };
		CBDE37C21D91322000448F3E /* LZHomeController.h */ = {isa = PBXFileReference; fileEncoding = 4; lastKnownFileType = sourcecode.c.h; path = LZHomeController.h; sourceTree = "<group>"; };
		CBDE37C31D91322000448F3E /* LZHomeController.m */ = {isa = PBXFileReference; fileEncoding = 4; lastKnownFileType = sourcecode.c.objc; path = LZHomeController.m; sourceTree = "<group>"; };
		CBDE37C51D91367E00448F3E /* LZDiaryLayout.h */ = {isa = PBXFileReference; fileEncoding = 4; lastKnownFileType = sourcecode.c.h; path = LZDiaryLayout.h; sourceTree = "<group>"; };
		CBDE37C61D91367E00448F3E /* LZDiaryLayout.m */ = {isa = PBXFileReference; fileEncoding = 4; lastKnownFileType = sourcecode.c.objc; path = LZDiaryLayout.m; sourceTree = "<group>"; };
		CBDE37C81D9138DF00448F3E /* LZHomeCell.h */ = {isa = PBXFileReference; fileEncoding = 4; lastKnownFileType = sourcecode.c.h; path = LZHomeCell.h; sourceTree = "<group>"; };
		CBDE37C91D9138DF00448F3E /* LZHomeCell.m */ = {isa = PBXFileReference; fileEncoding = 4; lastKnownFileType = sourcecode.c.objc; path = LZHomeCell.m; sourceTree = "<group>"; };
/* End PBXFileReference section */

/* Begin PBXFrameworksBuildPhase section */
		CB3C08F11D8006A500C8C863 /* Frameworks */ = {
			isa = PBXFrameworksBuildPhase;
			buildActionMask = 2147483647;
			files = (
			);
			runOnlyForDeploymentPostprocessing = 0;
		};
		CB3C090D1D8006A500C8C863 /* Frameworks */ = {
			isa = PBXFrameworksBuildPhase;
			buildActionMask = 2147483647;
			files = (
			);
			runOnlyForDeploymentPostprocessing = 0;
		};
		CB3C09181D8006A500C8C863 /* Frameworks */ = {
			isa = PBXFrameworksBuildPhase;
			buildActionMask = 2147483647;
			files = (
			);
			runOnlyForDeploymentPostprocessing = 0;
		};
/* End PBXFrameworksBuildPhase section */

/* Begin PBXGroup section */
		CB3C08EB1D8006A500C8C863 = {
			isa = PBXGroup;
			children = (
				CB42740E1D9482D900A48CE1 /* Diary+CoreDataClass.h */,
				CB42740F1D9482D900A48CE1 /* Diary+CoreDataClass.m */,
				CB4274101D9482D900A48CE1 /* Diary+CoreDataProperties.h */,
				CB4274111D9482D900A48CE1 /* Diary+CoreDataProperties.m */,
				CB3C08F61D8006A500C8C863 /* LZDiary */,
				CB3C09131D8006A500C8C863 /* LZDiaryTests */,
				CB3C091E1D8006A500C8C863 /* LZDiaryUITests */,
				CB3C08F51D8006A500C8C863 /* Products */,
				CB8707EC1D94760D009498F0 /* LZDiary-Bridging-Header.h */,
			);
			sourceTree = "<group>";
		};
		CB3C08F51D8006A500C8C863 /* Products */ = {
			isa = PBXGroup;
			children = (
				CB3C08F41D8006A500C8C863 /* LZDiary.app */,
				CB3C09101D8006A500C8C863 /* LZDiaryTests.xctest */,
				CB3C091B1D8006A500C8C863 /* LZDiaryUITests.xctest */,
			);
			name = Products;
			sourceTree = "<group>";
		};
		CB3C08F61D8006A500C8C863 /* LZDiary */ = {
			isa = PBXGroup;
			children = (
				CB3C092D1D800EB400C8C863 /* Classes */,
				CB3C093B1D800EB400C8C863 /* Resources */,
				CB3C09441D800EB400C8C863 /* Surpporting */,
			);
			path = LZDiary;
			sourceTree = "<group>";
		};
		CB3C09131D8006A500C8C863 /* LZDiaryTests */ = {
			isa = PBXGroup;
			children = (
				CB3C09141D8006A500C8C863 /* LZDiaryTests.m */,
				CB3C09161D8006A500C8C863 /* Info.plist */,
			);
			path = LZDiaryTests;
			sourceTree = "<group>";
		};
		CB3C091E1D8006A500C8C863 /* LZDiaryUITests */ = {
			isa = PBXGroup;
			children = (
				CB3C091F1D8006A500C8C863 /* LZDiaryUITests.m */,
				CB3C09211D8006A500C8C863 /* Info.plist */,
			);
			path = LZDiaryUITests;
			sourceTree = "<group>";
		};
		CB3C092D1D800EB400C8C863 /* Classes */ = {
			isa = PBXGroup;
			children = (
				CB3C092E1D800EB400C8C863 /* AppDelegate */,
				CB3C09311D800EB400C8C863 /* Controllers */,
				CB3C09341D800EB400C8C863 /* Globals */,
				CB3C09351D800EB400C8C863 /* Models */,
				CB3C09361D800EB400C8C863 /* Parsers */,
				CB3C09371D800EB400C8C863 /* Publics */,
				CB3C09381D800EB400C8C863 /* Request */,
				CB3C09391D800EB400C8C863 /* Utilities */,
				CB3C093A1D800EB400C8C863 /* Views */,
			);
			path = Classes;
			sourceTree = "<group>";
		};
		CB3C092E1D800EB400C8C863 /* AppDelegate */ = {
			isa = PBXGroup;
			children = (
				CB3C092F1D800EB400C8C863 /* AppDelegate.h */,
				CB3C09301D800EB400C8C863 /* AppDelegate.m */,
			);
			path = AppDelegate;
			sourceTree = "<group>";
		};
		CB3C09311D800EB400C8C863 /* Controllers */ = {
			isa = PBXGroup;
			children = (
				CBDE37C21D91322000448F3E /* LZHomeController.h */,
				CBDE37C31D91322000448F3E /* LZHomeController.m */,
				CB9871721D9175E300EC5A57 /* LZYearController.h */,
				CB9871731D9175E300EC5A57 /* LZYearController.m */,
				CB98717E1D91C6DD00EC5A57 /* LZMonthController.h */,
				CB98717F1D91C6DD00EC5A57 /* LZMonthController.m */,
				CB9871841D92589F00EC5A57 /* LZComposeController.h */,
				CB9871851D92589F00EC5A57 /* LZComposeController.m */,
				CB98718D1D931AE600EC5A57 /* LZShowController.h */,
				CB98718E1D931AE600EC5A57 /* LZShowController.m */,
			);
			path = Controllers;
			sourceTree = "<group>";
		};
		CB3C09341D800EB400C8C863 /* Globals */ = {
			isa = PBXGroup;
			children = (
				CB9871991D93E08C00EC5A57 /* LZItemStorage.h */,
				CB98719A1D93E08C00EC5A57 /* LZItemStorage.m */,
			);
			path = Globals;
			sourceTree = "<group>";
		};
		CB3C09351D800EB400C8C863 /* Models */ = {
			isa = PBXGroup;
			children = (
				CBDE37C51D91367E00448F3E /* LZDiaryLayout.h */,
				CBDE37C61D91367E00448F3E /* LZDiaryLayout.m */,
				CBDE37C81D9138DF00448F3E /* LZHomeCell.h */,
				CBDE37C91D9138DF00448F3E /* LZHomeCell.m */,
				CB9871781D9185AF00EC5A57 /* LZYearCell.h */,
				CB9871791D9185AF00EC5A57 /* LZYearCell.m */,
				CB98717B1D91AF1000EC5A57 /* LZDiaryAnimator.h */,
				CB98717C1D91AF1000EC5A57 /* LZDiaryAnimator.m */,
				CB9871811D92547A00EC5A57 /* LZMonthCell.h */,
				CB9871821D92547A00EC5A57 /* LZMonthCell.m */,
				CB4274141D94975B00A48CE1 /* LZtmpItem.h */,
				CB4274151D94975B00A48CE1 /* LZtmpItem.m */,
			);
			path = Models;
			sourceTree = "<group>";
		};
		CB3C09361D800EB400C8C863 /* Parsers */ = {
			isa = PBXGroup;
			children = (
			);
			path = Parsers;
			sourceTree = "<group>";
		};
		CB3C09371D800EB400C8C863 /* Publics */ = {
			isa = PBXGroup;
			children = (
			);
			path = Publics;
			sourceTree = "<group>";
		};
		CB3C09381D800EB400C8C863 /* Request */ = {
			isa = PBXGroup;
			children = (
			);
			path = Request;
			sourceTree = "<group>";
		};
		CB3C09391D800EB400C8C863 /* Utilities */ = {
			isa = PBXGroup;
			children = (
				CB3C094E1D800FAF00C8C863 /* NSString+ChineseNumber.h */,
				CB3C094F1D800FAF00C8C863 /* NSString+ChineseNumber.m */,
				CB9871751D917E1D00EC5A57 /* UIButton+LZDiaryButton.h */,
				CB9871761D917E1D00EC5A57 /* UIButton+LZDiaryButton.m */,
				CB9871871D92DF8E00EC5A57 /* LZLocation.h */,
				CB9871881D92DF8E00EC5A57 /* LZLocation.m */,
				CB9871931D93D5A700EC5A57 /* UIWebView+LZScreenShot.h */,
				CB9871941D93D5A700EC5A57 /* UIWebView+LZScreenShot.m */,
				CB9871961D93DDA900EC5A57 /* NSNumber+chineseNumber.h */,
				CB9871971D93DDA900EC5A57 /* NSNumber+chineseNumber.m */,
			);
			path = Utilities;
			sourceTree = "<group>";
		};
		CB3C093A1D800EB400C8C863 /* Views */ = {
			isa = PBXGroup;
			children = (
				CBDE37BB1D9124DB00448F3E /* LZVerticalLabel.h */,
				CBDE37BC1D9124DB00448F3E /* LZVerticalLabel.m */,
				CB4274171D94AF0D00A48CE1 /* LZTipView.h */,
				CB4274181D94AF0D00A48CE1 /* LZTipView.m */,
			);
			path = Views;
			sourceTree = "<group>";
		};
		CB3C093B1D800EB400C8C863 /* Resources */ = {
			isa = PBXGroup;
			children = (
				CB9871901D931EEA00EC5A57 /* htmls */,
				CBDE37BE1D912E5600448F3E /* fonts */,
				CB3C093C1D800EB400C8C863 /* coredata */,
				CB3C093F1D800EB400C8C863 /* images */,
				CB3C09411D800EB400C8C863 /* xibs */,
			);
			path = Resources;
			sourceTree = "<group>";
		};
		CB3C093C1D800EB400C8C863 /* coredata */ = {
			isa = PBXGroup;
			children = (
				CB8707E91D94758D009498F0 /* Diary.xcdatamodeld */,
			);
			path = coredata;
			sourceTree = "<group>";
		};
		CB3C093F1D800EB400C8C863 /* images */ = {
			isa = PBXGroup;
			children = (
				CB3C09401D800EB400C8C863 /* Assets.xcassets */,
			);
			path = images;
			sourceTree = "<group>";
		};
		CB3C09411D800EB400C8C863 /* xibs */ = {
			isa = PBXGroup;
			children = (
				CB3C09421D800EB400C8C863 /* Main.storyboard */,
			);
			path = xibs;
			sourceTree = "<group>";
		};
		CB3C09441D800EB400C8C863 /* Surpporting */ = {
			isa = PBXGroup;
			children = (
				CB3C09451D800EB400C8C863 /* Info.plist */,
				CB3C09461D800EB400C8C863 /* main.m */,
			);
			path = Surpporting;
			sourceTree = "<group>";
		};
		CB9871901D931EEA00EC5A57 /* htmls */ = {
			isa = PBXGroup;
			children = (
				CB9871911D931EEA00EC5A57 /* DiaryTemplate.html */,
			);
			path = htmls;
			sourceTree = "<group>";
		};
		CBDE37BE1D912E5600448F3E /* fonts */ = {
			isa = PBXGroup;
			children = (
				CBDE37C11D912F4500448F3E /* Wyue-GutiFangsong-NC_deliverable.otf */,
				CBDE37BF1D912E7400448F3E /* TpldKhangXiDictTrial.otf */,
			);
			path = fonts;
			sourceTree = "<group>";
		};
/* End PBXGroup section */

/* Begin PBXNativeTarget section */
		CB3C08F31D8006A500C8C863 /* LZDiary */ = {
			isa = PBXNativeTarget;
			buildConfigurationList = CB3C09241D8006A500C8C863 /* Build configuration list for PBXNativeTarget "LZDiary" */;
			buildPhases = (
				CB3C08F01D8006A500C8C863 /* Sources */,
				CB3C08F11D8006A500C8C863 /* Frameworks */,
				CB3C08F21D8006A500C8C863 /* Resources */,
			);
			buildRules = (
			);
			dependencies = (
			);
			name = LZDiary;
			productName = LZDiary;
			productReference = CB3C08F41D8006A500C8C863 /* LZDiary.app */;
			productType = "com.apple.product-type.application";
		};
		CB3C090F1D8006A500C8C863 /* LZDiaryTests */ = {
			isa = PBXNativeTarget;
			buildConfigurationList = CB3C09271D8006A500C8C863 /* Build configuration list for PBXNativeTarget "LZDiaryTests" */;
			buildPhases = (
				CB3C090C1D8006A500C8C863 /* Sources */,
				CB3C090D1D8006A500C8C863 /* Frameworks */,
				CB3C090E1D8006A500C8C863 /* Resources */,
			);
			buildRules = (
			);
			dependencies = (
				CB3C09121D8006A500C8C863 /* PBXTargetDependency */,
			);
			name = LZDiaryTests;
			productName = LZDiaryTests;
			productReference = CB3C09101D8006A500C8C863 /* LZDiaryTests.xctest */;
			productType = "com.apple.product-type.bundle.unit-test";
		};
		CB3C091A1D8006A500C8C863 /* LZDiaryUITests */ = {
			isa = PBXNativeTarget;
			buildConfigurationList = CB3C092A1D8006A500C8C863 /* Build configuration list for PBXNativeTarget "LZDiaryUITests" */;
			buildPhases = (
				CB3C09171D8006A500C8C863 /* Sources */,
				CB3C09181D8006A500C8C863 /* Frameworks */,
				CB3C09191D8006A500C8C863 /* Resources */,
			);
			buildRules = (
			);
			dependencies = (
				CB3C091D1D8006A500C8C863 /* PBXTargetDependency */,
			);
			name = LZDiaryUITests;
			productName = LZDiaryUITests;
			productReference = CB3C091B1D8006A500C8C863 /* LZDiaryUITests.xctest */;
			productType = "com.apple.product-type.bundle.ui-testing";
		};
/* End PBXNativeTarget section */

/* Begin PBXProject section */
		CB3C08EC1D8006A500C8C863 /* Project object */ = {
			isa = PBXProject;
			attributes = {
				LastUpgradeCheck = 0800;
				ORGANIZATIONNAME = com.comst1314;
				TargetAttributes = {
					CB3C08F31D8006A500C8C863 = {
						CreatedOnToolsVersion = 7.2;
						DevelopmentTeam = 6RLR7J2EXS;
						LastSwiftMigration = 0800;
						ProvisioningStyle = Automatic;
					};
					CB3C090F1D8006A500C8C863 = {
						CreatedOnToolsVersion = 7.2;
						TestTargetID = CB3C08F31D8006A500C8C863;
					};
					CB3C091A1D8006A500C8C863 = {
						CreatedOnToolsVersion = 7.2;
						TestTargetID = CB3C08F31D8006A500C8C863;
					};
				};
			};
			buildConfigurationList = CB3C08EF1D8006A500C8C863 /* Build configuration list for PBXProject "LZDiary" */;
			compatibilityVersion = "Xcode 3.2";
			developmentRegion = English;
			hasScannedForEncodings = 0;
			knownRegions = (
				en,
				Base,
			);
			mainGroup = CB3C08EB1D8006A500C8C863;
			productRefGroup = CB3C08F51D8006A500C8C863 /* Products */;
			projectDirPath = "";
			projectRoot = "";
			targets = (
				CB3C08F31D8006A500C8C863 /* LZDiary */,
				CB3C090F1D8006A500C8C863 /* LZDiaryTests */,
				CB3C091A1D8006A500C8C863 /* LZDiaryUITests */,
			);
		};
/* End PBXProject section */

/* Begin PBXResourcesBuildPhase section */
		CB3C08F21D8006A500C8C863 /* Resources */ = {
			isa = PBXResourcesBuildPhase;
			buildActionMask = 2147483647;
			files = (
				CBDE37CC1D91434200448F3E /* TpldKhangXiDictTrial.otf in Resources */,
				CB9871921D931EEA00EC5A57 /* DiaryTemplate.html in Resources */,
				CBDE37CB1D91433900448F3E /* Wyue-GutiFangsong-NC_deliverable.otf in Resources */,
				CB3C094A1D800EB400C8C863 /* Assets.xcassets in Resources */,
				CB3C094B1D800EB400C8C863 /* Main.storyboard in Resources */,
			);
			runOnlyForDeploymentPostprocessing = 0;
		};
		CB3C090E1D8006A500C8C863 /* Resources */ = {
			isa = PBXResourcesBuildPhase;
			buildActionMask = 2147483647;
			files = (
			);
			runOnlyForDeploymentPostprocessing = 0;
		};
		CB3C09191D8006A500C8C863 /* Resources */ = {
			isa = PBXResourcesBuildPhase;
			buildActionMask = 2147483647;
			files = (
			);
			runOnlyForDeploymentPostprocessing = 0;
		};
/* End PBXResourcesBuildPhase section */

/* Begin PBXSourcesBuildPhase section */
		CB3C08F01D8006A500C8C863 /* Sources */ = {
			isa = PBXSourcesBuildPhase;
			buildActionMask = 2147483647;
			files = (
				CB9871741D9175E300EC5A57 /* LZYearController.m in Sources */,
				CBDE37C41D91322000448F3E /* LZHomeController.m in Sources */,
				CBDE37BD1D9124DB00448F3E /* LZVerticalLabel.m in Sources */,
				CB9871951D93D5A700EC5A57 /* UIWebView+LZScreenShot.m in Sources */,
				CB4274191D94AF0D00A48CE1 /* LZTipView.m in Sources */,
				CB4274131D9482D900A48CE1 /* Diary+CoreDataProperties.m in Sources */,
				CB98719B1D93E08C00EC5A57 /* LZItemStorage.m in Sources */,
				CB3C094D1D800EB400C8C863 /* main.m in Sources */,
				CB98717A1D9185AF00EC5A57 /* LZYearCell.m in Sources */,
				CB9871891D92DF8E00EC5A57 /* LZLocation.m in Sources */,
				CB3C09471D800EB400C8C863 /* AppDelegate.m in Sources */,
				CBDE37C71D91367E00448F3E /* LZDiaryLayout.m in Sources */,
				CB9871861D92589F00EC5A57 /* LZComposeController.m in Sources */,
				CBDE37CA1D9138DF00448F3E /* LZHomeCell.m in Sources */,
				CB98718F1D931AE600EC5A57 /* LZShowController.m in Sources */,
				CB9871801D91C6DD00EC5A57 /* LZMonthController.m in Sources */,
				CB4274161D94975B00A48CE1 /* LZtmpItem.m in Sources */,
				CB3C09501D800FAF00C8C863 /* NSString+ChineseNumber.m in Sources */,
				CB9871981D93DDA900EC5A57 /* NSNumber+chineseNumber.m in Sources */,
				CB4274121D9482D900A48CE1 /* Diary+CoreDataClass.m in Sources */,
				CB98717D1D91AF1000EC5A57 /* LZDiaryAnimator.m in Sources */,
				CB8707EB1D94758D009498F0 /* Diary.xcdatamodeld in Sources */,
				CB9871831D92547A00EC5A57 /* LZMonthCell.m in Sources */,
				CB9871771D917E1D00EC5A57 /* UIButton+LZDiaryButton.m in Sources */,
			);
			runOnlyForDeploymentPostprocessing = 0;
		};
		CB3C090C1D8006A500C8C863 /* Sources */ = {
			isa = PBXSourcesBuildPhase;
			buildActionMask = 2147483647;
			files = (
				CB3C09151D8006A500C8C863 /* LZDiaryTests.m in Sources */,
			);
			runOnlyForDeploymentPostprocessing = 0;
		};
		CB3C09171D8006A500C8C863 /* Sources */ = {
			isa = PBXSourcesBuildPhase;
			buildActionMask = 2147483647;
			files = (
				CB3C09201D8006A500C8C863 /* LZDiaryUITests.m in Sources */,
			);
			runOnlyForDeploymentPostprocessing = 0;
		};
/* End PBXSourcesBuildPhase section */

/* Begin PBXTargetDependency section */
		CB3C09121D8006A500C8C863 /* PBXTargetDependency */ = {
			isa = PBXTargetDependency;
			target = CB3C08F31D8006A500C8C863 /* LZDiary */;
			targetProxy = CB3C09111D8006A500C8C863 /* PBXContainerItemProxy */;
		};
		CB3C091D1D8006A500C8C863 /* PBXTargetDependency */ = {
			isa = PBXTargetDependency;
			target = CB3C08F31D8006A500C8C863 /* LZDiary */;
			targetProxy = CB3C091C1D8006A500C8C863 /* PBXContainerItemProxy */;
		};
/* End PBXTargetDependency section */

/* Begin PBXVariantGroup section */
		CB3C09421D800EB400C8C863 /* Main.storyboard */ = {
			isa = PBXVariantGroup;
			children = (
				CB3C09431D800EB400C8C863 /* Base */,
			);
			name = Main.storyboard;
			sourceTree = "<group>";
		};
/* End PBXVariantGroup section */

/* Begin XCBuildConfiguration section */
		CB3C09221D8006A500C8C863 /* Debug */ = {
			isa = XCBuildConfiguration;
			buildSettings = {
				ALWAYS_SEARCH_USER_PATHS = NO;
				CLANG_CXX_LANGUAGE_STANDARD = "gnu++0x";
				CLANG_CXX_LIBRARY = "libc++";
				CLANG_ENABLE_MODULES = YES;
				CLANG_ENABLE_OBJC_ARC = YES;
				CLANG_WARN_BOOL_CONVERSION = YES;
				CLANG_WARN_CONSTANT_CONVERSION = YES;
				CLANG_WARN_DIRECT_OBJC_ISA_USAGE = YES_ERROR;
				CLANG_WARN_EMPTY_BODY = YES;
				CLANG_WARN_ENUM_CONVERSION = YES;
				CLANG_WARN_INFINITE_RECURSION = YES;
				CLANG_WARN_INT_CONVERSION = YES;
				CLANG_WARN_OBJC_ROOT_CLASS = YES_ERROR;
				CLANG_WARN_SUSPICIOUS_MOVE = YES;
				CLANG_WARN_UNREACHABLE_CODE = YES;
				CLANG_WARN__DUPLICATE_METHOD_MATCH = YES;
				"CODE_SIGN_IDENTITY[sdk=iphoneos*]" = "iPhone Developer";
				COPY_PHASE_STRIP = NO;
				DEBUG_INFORMATION_FORMAT = dwarf;
				ENABLE_STRICT_OBJC_MSGSEND = YES;
				ENABLE_TESTABILITY = YES;
				GCC_C_LANGUAGE_STANDARD = gnu99;
				GCC_DYNAMIC_NO_PIC = NO;
				GCC_NO_COMMON_BLOCKS = YES;
				GCC_OPTIMIZATION_LEVEL = 0;
				GCC_PREPROCESSOR_DEFINITIONS = (
					"DEBUG=1",
					"$(inherited)",
				);
				GCC_WARN_64_TO_32_BIT_CONVERSION = YES;
				GCC_WARN_ABOUT_RETURN_TYPE = YES_ERROR;
				GCC_WARN_UNDECLARED_SELECTOR = YES;
				GCC_WARN_UNINITIALIZED_AUTOS = YES_AGGRESSIVE;
				GCC_WARN_UNUSED_FUNCTION = YES;
				GCC_WARN_UNUSED_VARIABLE = YES;
				IPHONEOS_DEPLOYMENT_TARGET = 9.2;
				MTL_ENABLE_DEBUG_INFO = YES;
				ONLY_ACTIVE_ARCH = YES;
				SDKROOT = iphoneos;
			};
			name = Debug;
		};
		CB3C09231D8006A500C8C863 /* Release */ = {
			isa = XCBuildConfiguration;
			buildSettings = {
				ALWAYS_SEARCH_USER_PATHS = NO;
				CLANG_CXX_LANGUAGE_STANDARD = "gnu++0x";
				CLANG_CXX_LIBRARY = "libc++";
				CLANG_ENABLE_MODULES = YES;
				CLANG_ENABLE_OBJC_ARC = YES;
				CLANG_WARN_BOOL_CONVERSION = YES;
				CLANG_WARN_CONSTANT_CONVERSION = YES;
				CLANG_WARN_DIRECT_OBJC_ISA_USAGE = YES_ERROR;
				CLANG_WARN_EMPTY_BODY = YES;
				CLANG_WARN_ENUM_CONVERSION = YES;
				CLANG_WARN_INFINITE_RECURSION = YES;
				CLANG_WARN_INT_CONVERSION = YES;
				CLANG_WARN_OBJC_ROOT_CLASS = YES_ERROR;
				CLANG_WARN_SUSPICIOUS_MOVE = YES;
				CLANG_WARN_UNREACHABLE_CODE = YES;
				CLANG_WARN__DUPLICATE_METHOD_MATCH = YES;
				"CODE_SIGN_IDENTITY[sdk=iphoneos*]" = "iPhone Developer";
				COPY_PHASE_STRIP = NO;
				DEBUG_INFORMATION_FORMAT = "dwarf-with-dsym";
				ENABLE_NS_ASSERTIONS = NO;
				ENABLE_STRICT_OBJC_MSGSEND = YES;
				GCC_C_LANGUAGE_STANDARD = gnu99;
				GCC_NO_COMMON_BLOCKS = YES;
				GCC_WARN_64_TO_32_BIT_CONVERSION = YES;
				GCC_WARN_ABOUT_RETURN_TYPE = YES_ERROR;
				GCC_WARN_UNDECLARED_SELECTOR = YES;
				GCC_WARN_UNINITIALIZED_AUTOS = YES_AGGRESSIVE;
				GCC_WARN_UNUSED_FUNCTION = YES;
				GCC_WARN_UNUSED_VARIABLE = YES;
				IPHONEOS_DEPLOYMENT_TARGET = 9.2;
				MTL_ENABLE_DEBUG_INFO = NO;
				SDKROOT = iphoneos;
				VALIDATE_PRODUCT = YES;
			};
			name = Release;
		};
		CB3C09251D8006A500C8C863 /* Debug */ = {
			isa = XCBuildConfiguration;
			buildSettings = {
				ASSETCATALOG_COMPILER_APPICON_NAME = AppIcon;
				ASSETCATALOG_COMPILER_LAUNCHIMAGE_NAME = "Brand Assets";
				CLANG_ENABLE_MODULES = YES;
				"CODE_SIGN_IDENTITY[sdk=iphoneos*]" = "iPhone Developer";
				DEVELOPMENT_TEAM = 6RLR7J2EXS;
				INFOPLIST_FILE = LZDiary/Surpporting/Info.plist;
				IPHONEOS_DEPLOYMENT_TARGET = 8.0;
				LD_RUNPATH_SEARCH_PATHS = "$(inherited) @executable_path/Frameworks";
				PRODUCT_BUNDLE_IDENTIFIER = com.comst1314.LZDiary;
				PRODUCT_NAME = "$(TARGET_NAME)";
				PROVISIONING_PROFILE = "";
				PROVISIONING_PROFILE_SPECIFIER = "";
				SWIFT_OBJC_BRIDGING_HEADER = "LZDiary-Bridging-Header.h";
				SWIFT_OPTIMIZATION_LEVEL = "-Onone";
				SWIFT_VERSION = 3.0;
				TARGETED_DEVICE_FAMILY = 1;
			};
			name = Debug;
		};
		CB3C09261D8006A500C8C863 /* Release */ = {
			isa = XCBuildConfiguration;
			buildSettings = {
				ASSETCATALOG_COMPILER_APPICON_NAME = AppIcon;
				ASSETCATALOG_COMPILER_LAUNCHIMAGE_NAME = "Brand Assets";
				CLANG_ENABLE_MODULES = YES;
				"CODE_SIGN_IDENTITY[sdk=iphoneos*]" = "iPhone Developer";
				DEVELOPMENT_TEAM = 6RLR7J2EXS;
				INFOPLIST_FILE = LZDiary/Surpporting/Info.plist;
				IPHONEOS_DEPLOYMENT_TARGET = 8.0;
				LD_RUNPATH_SEARCH_PATHS = "$(inherited) @executable_path/Frameworks";
				PRODUCT_BUNDLE_IDENTIFIER = com.comst1314.LZDiary;
				PRODUCT_NAME = "$(TARGET_NAME)";
				PROVISIONING_PROFILE = "";
				PROVISIONING_PROFILE_SPECIFIER = "";
				SWIFT_OBJC_BRIDGING_HEADER = "LZDiary-Bridging-Header.h";
				SWIFT_VERSION = 3.0;
				TARGETED_DEVICE_FAMILY = 1;
			};
			name = Release;
		};
		CB3C09281D8006A500C8C863 /* Debug */ = {
			isa = XCBuildConfiguration;
			buildSettings = {
				BUNDLE_LOADER = "$(TEST_HOST)";
				INFOPLIST_FILE = LZDiaryTests/Info.plist;
				LD_RUNPATH_SEARCH_PATHS = "$(inherited) @executable_path/Frameworks @loader_path/Frameworks";
				PRODUCT_BUNDLE_IDENTIFIER = com.comst1314.LZDiaryTests;
				PRODUCT_NAME = "$(TARGET_NAME)";
				TEST_HOST = "$(BUILT_PRODUCTS_DIR)/LZDiary.app/LZDiary";
			};
			name = Debug;
		};
		CB3C09291D8006A500C8C863 /* Release */ = {
			isa = XCBuildConfiguration;
			buildSettings = {
				BUNDLE_LOADER = "$(TEST_HOST)";
				INFOPLIST_FILE = LZDiaryTests/Info.plist;
				LD_RUNPATH_SEARCH_PATHS = "$(inherited) @executable_path/Frameworks @loader_path/Frameworks";
				PRODUCT_BUNDLE_IDENTIFIER = com.comst1314.LZDiaryTests;
				PRODUCT_NAME = "$(TARGET_NAME)";
				TEST_HOST = "$(BUILT_PRODUCTS_DIR)/LZDiary.app/LZDiary";
			};
			name = Release;
		};
		CB3C092B1D8006A500C8C863 /* Debug */ = {
			isa = XCBuildConfiguration;
			buildSettings = {
				INFOPLIST_FILE = LZDiaryUITests/Info.plist;
				LD_RUNPATH_SEARCH_PATHS = "$(inherited) @executable_path/Frameworks @loader_path/Frameworks";
				PRODUCT_BUNDLE_IDENTIFIER = com.comst1314.LZDiaryUITests;
				PRODUCT_NAME = "$(TARGET_NAME)";
				TEST_TARGET_NAME = LZDiary;
				USES_XCTRUNNER = YES;
			};
			name = Debug;
		};
		CB3C092C1D8006A500C8C863 /* Release */ = {
			isa = XCBuildConfiguration;
			buildSettings = {
				INFOPLIST_FILE = LZDiaryUITests/Info.plist;
				LD_RUNPATH_SEARCH_PATHS = "$(inherited) @executable_path/Frameworks @loader_path/Frameworks";
				PRODUCT_BUNDLE_IDENTIFIER = com.comst1314.LZDiaryUITests;
				PRODUCT_NAME = "$(TARGET_NAME)";
				TEST_TARGET_NAME = LZDiary;
				USES_XCTRUNNER = YES;
			};
			name = Release;
		};
/* End XCBuildConfiguration section */

/* Begin XCConfigurationList section */
		CB3C08EF1D8006A500C8C863 /* Build configuration list for PBXProject "LZDiary" */ = {
			isa = XCConfigurationList;
			buildConfigurations = (
				CB3C09221D8006A500C8C863 /* Debug */,
				CB3C09231D8006A500C8C863 /* Release */,
			);
			defaultConfigurationIsVisible = 0;
			defaultConfigurationName = Release;
		};
		CB3C09241D8006A500C8C863 /* Build configuration list for PBXNativeTarget "LZDiary" */ = {
			isa = XCConfigurationList;
			buildConfigurations = (
				CB3C09251D8006A500C8C863 /* Debug */,
				CB3C09261D8006A500C8C863 /* Release */,
			);
			defaultConfigurationIsVisible = 0;
			defaultConfigurationName = Release;
		};
		CB3C09271D8006A500C8C863 /* Build configuration list for PBXNativeTarget "LZDiaryTests" */ = {
			isa = XCConfigurationList;
			buildConfigurations = (
				CB3C09281D8006A500C8C863 /* Debug */,
				CB3C09291D8006A500C8C863 /* Release */,
			);
			defaultConfigurationIsVisible = 0;
			defaultConfigurationName = Release;
		};
		CB3C092A1D8006A500C8C863 /* Build configuration list for PBXNativeTarget "LZDiaryUITests" */ = {
			isa = XCConfigurationList;
			buildConfigurations = (
				CB3C092B1D8006A500C8C863 /* Debug */,
				CB3C092C1D8006A500C8C863 /* Release */,
			);
			defaultConfigurationIsVisible = 0;
			defaultConfigurationName = Release;
		};
/* End XCConfigurationList section */

/* Begin XCVersionGroup section */
		CB8707E91D94758D009498F0 /* Diary.xcdatamodeld */ = {
			isa = XCVersionGroup;
			children = (
				CB8707EA1D94758D009498F0 /* Diary.xcdatamodel */,
			);
			currentVersion = CB8707EA1D94758D009498F0 /* Diary.xcdatamodel */;
			path = Diary.xcdatamodeld;
			sourceTree = "<group>";
			versionGroupType = wrapper.xcdatamodel;
		};
/* End XCVersionGroup section */
	};
	rootObject = CB3C08EC1D8006A500C8C863 /* Project object */;
}
